
Microsoft Visual Studio Solution File, Format Version 12.00
# Visual Studio 15
VisualStudioVersion = 15.0.26730.16
MinimumVisualStudioVersion = 10.0.40219.1
Project("{FAE04EC0-301F-11D3-BF4B-00C04F79EFBC}") = "ReactiveUIExampleXamarinForms.Android", "ReactiveUIExampleXamarinForms\ReactiveUIExampleXamarinForms.Android\ReactiveUIExampleXamarinForms.Android.csproj", "{90CAD9D9-0A73-4F16-B069-36814D1B1C49}"
EndProject
Project("{FAE04EC0-301F-11D3-BF4B-00C04F79EFBC}") = "ReactiveUIExampleXamarinForms", "ReactiveUIExampleXamarinForms\ReactiveUIExampleXamarinForms\ReactiveUIExampleXamarinForms.csproj", "{A87A21BA-E478-4229-A276-6F16189D2E79}"
EndProject
Project("{FAE04EC0-301F-11D3-BF4B-00C04F79EFBC}") = "ReactiveUIExampleXamarinForms.UWP", "ReactiveUIExampleXamarinForms\ReactiveUIExampleXamarinForms.UWP\ReactiveUIExampleXamarinForms.UWP.csproj", "{ED117416-42F1-482A-83E1-68A83A4A6E50}"
EndProject
Project("{FAE04EC0-301F-11D3-BF4B-00C04F79EFBC}") = "ReactiveUIExampleXamarinForms.iOS", "ReactiveUIExampleXamarinForms\ReactiveUIExampleXamarinForms.iOS\ReactiveUIExampleXamarinForms.iOS.csproj", "{5D2DDB80-8EEF-483B-B342-B36F020A5726}"
EndProject
Global
	GlobalSection(SolutionConfigurationPlatforms) = preSolution
		Ad-Hoc|Any CPU = Ad-Hoc|Any CPU
		Ad-Hoc|ARM = Ad-Hoc|ARM
		Ad-Hoc|iPhone = Ad-Hoc|iPhone
		Ad-Hoc|iPhoneSimulator = Ad-Hoc|iPhoneSimulator
		Ad-Hoc|x64 = Ad-Hoc|x64
		Ad-Hoc|x86 = Ad-Hoc|x86
		AppStore|Any CPU = AppStore|Any CPU
		AppStore|ARM = AppStore|ARM
		AppStore|iPhone = AppStore|iPhone
		AppStore|iPhoneSimulator = AppStore|iPhoneSimulator
		AppStore|x64 = AppStore|x64
		AppStore|x86 = AppStore|x86
		Debug|Any CPU = Debug|Any CPU
		Debug|ARM = Debug|ARM
		Debug|iPhone = Debug|iPhone
		Debug|iPhoneSimulator = Debug|iPhoneSimulator
		Debug|x64 = Debug|x64
		Debug|x86 = Debug|x86
		Debug2|Any CPU = Debug2|Any CPU
		Debug2|ARM = Debug2|ARM
		Debug2|iPhone = Debug2|iPhone
		Debug2|iPhoneSimulator = Debug2|iPhoneSimulator
		Debug2|x64 = Debug2|x64
		Debug2|x86 = Debug2|x86
		Release|Any CPU = Release|Any CPU
		Release|ARM = Release|ARM
		Release|iPhone = Release|iPhone
		Release|iPhoneSimulator = Release|iPhoneSimulator
		Release|x64 = Release|x64
		Release|x86 = Release|x86
	EndGlobalSection
	GlobalSection(ProjectConfigurationPlatforms) = postSolution
		{90CAD9D9-0A73-4F16-B069-36814D1B1C49}.Ad-Hoc|Any CPU.ActiveCfg = Release|Any CPU
		{90CAD9D9-0A73-4F16-B069-36814D1B1C49}.Ad-Hoc|Any CPU.Build.0 = Release|Any CPU
		{90CAD9D9-0A73-4F16-B069-36814D1B1C49}.Ad-Hoc|Any CPU.Deploy.0 = Release|Any CPU
		{90CAD9D9-0A73-4F16-B069-36814D1B1C49}.Ad-Hoc|ARM.ActiveCfg = Release|Any CPU
		{90CAD9D9-0A73-4F16-B069-36814D1B1C49}.Ad-Hoc|ARM.Build.0 = Release|Any CPU
		{90CAD9D9-0A73-4F16-B069-36814D1B1C49}.Ad-Hoc|ARM.Deploy.0 = Release|Any CPU
		{90CAD9D9-0A73-4F16-B069-36814D1B1C49}.Ad-Hoc|iPhone.ActiveCfg = Release|Any CPU
		{90CAD9D9-0A73-4F16-B069-36814D1B1C49}.Ad-Hoc|iPhone.Build.0 = Release|Any CPU
		{90CAD9D9-0A73-4F16-B069-36814D1B1C49}.Ad-Hoc|iPhone.Deploy.0 = Release|Any CPU
		{90CAD9D9-0A73-4F16-B069-36814D1B1C49}.Ad-Hoc|iPhoneSimulator.ActiveCfg = Release|Any CPU
		{90CAD9D9-0A73-4F16-B069-36814D1B1C49}.Ad-Hoc|iPhoneSimulator.Build.0 = Release|Any CPU
		{90CAD9D9-0A73-4F16-B069-36814D1B1C49}.Ad-Hoc|iPhoneSimulator.Deploy.0 = Release|Any CPU
		{90CAD9D9-0A73-4F16-B069-36814D1B1C49}.Ad-Hoc|x64.ActiveCfg = Release|Any CPU
		{90CAD9D9-0A73-4F16-B069-36814D1B1C49}.Ad-Hoc|x64.Build.0 = Release|Any CPU
		{90CAD9D9-0A73-4F16-B069-36814D1B1C49}.Ad-Hoc|x64.Deploy.0 = Release|Any CPU
		{90CAD9D9-0A73-4F16-B069-36814D1B1C49}.Ad-Hoc|x86.ActiveCfg = Release|Any CPU
		{90CAD9D9-0A73-4F16-B069-36814D1B1C49}.Ad-Hoc|x86.Build.0 = Release|Any CPU
		{90CAD9D9-0A73-4F16-B069-36814D1B1C49}.Ad-Hoc|x86.Deploy.0 = Release|Any CPU
		{90CAD9D9-0A73-4F16-B069-36814D1B1C49}.AppStore|Any CPU.ActiveCfg = Release|Any CPU
		{90CAD9D9-0A73-4F16-B069-36814D1B1C49}.AppStore|Any CPU.Build.0 = Release|Any CPU
		{90CAD9D9-0A73-4F16-B069-36814D1B1C49}.AppStore|Any CPU.Deploy.0 = Release|Any CPU
		{90CAD9D9-0A73-4F16-B069-36814D1B1C49}.AppStore|ARM.ActiveCfg = Release|Any CPU
		{90CAD9D9-0A73-4F16-B069-36814D1B1C49}.AppStore|ARM.Build.0 = Release|Any CPU
		{90CAD9D9-0A73-4F16-B069-36814D1B1C49}.AppStore|ARM.Deploy.0 = Release|Any CPU
		{90CAD9D9-0A73-4F16-B069-36814D1B1C49}.AppStore|iPhone.ActiveCfg = Release|Any CPU
		{90CAD9D9-0A73-4F16-B069-36814D1B1C49}.AppStore|iPhone.Build.0 = Release|Any CPU
		{90CAD9D9-0A73-4F16-B069-36814D1B1C49}.AppStore|iPhone.Deploy.0 = Release|Any CPU
		{90CAD9D9-0A73-4F16-B069-36814D1B1C49}.AppStore|iPhoneSimulator.ActiveCfg = Release|Any CPU
		{90CAD9D9-0A73-4F16-B069-36814D1B1C49}.AppStore|iPhoneSimulator.Build.0 = Release|Any CPU
		{90CAD9D9-0A73-4F16-B069-36814D1B1C49}.AppStore|iPhoneSimulator.Deploy.0 = Release|Any CPU
		{90CAD9D9-0A73-4F16-B069-36814D1B1C49}.AppStore|x64.ActiveCfg = Release|Any CPU
		{90CAD9D9-0A73-4F16-B069-36814D1B1C49}.AppStore|x64.Build.0 = Release|Any CPU
		{90CAD9D9-0A73-4F16-B069-36814D1B1C49}.AppStore|x64.Deploy.0 = Release|Any CPU
		{90CAD9D9-0A73-4F16-B069-36814D1B1C49}.AppStore|x86.ActiveCfg = Release|Any CPU
		{90CAD9D9-0A73-4F16-B069-36814D1B1C49}.AppStore|x86.Build.0 = Release|Any CPU
		{90CAD9D9-0A73-4F16-B069-36814D1B1C49}.AppStore|x86.Deploy.0 = Release|Any CPU
		{90CAD9D9-0A73-4F16-B069-36814D1B1C49}.Debug|Any CPU.ActiveCfg = Debug|Any CPU
		{90CAD9D9-0A73-4F16-B069-36814D1B1C49}.Debug|Any CPU.Build.0 = Debug|Any CPU
		{90CAD9D9-0A73-4F16-B069-36814D1B1C49}.Debug|Any CPU.Deploy.0 = Debug|Any CPU
		{90CAD9D9-0A73-4F16-B069-36814D1B1C49}.Debug|ARM.ActiveCfg = Debug|Any CPU
		{90CAD9D9-0A73-4F16-B069-36814D1B1C49}.Debug|ARM.Build.0 = Debug|Any CPU
		{90CAD9D9-0A73-4F16-B069-36814D1B1C49}.Debug|ARM.Deploy.0 = Debug|Any CPU
		{90CAD9D9-0A73-4F16-B069-36814D1B1C49}.Debug|iPhone.ActiveCfg = Debug|Any CPU
		{90CAD9D9-0A73-4F16-B069-36814D1B1C49}.Debug|iPhone.Build.0 = Debug|Any CPU
		{90CAD9D9-0A73-4F16-B069-36814D1B1C49}.Debug|iPhone.Deploy.0 = Debug|Any CPU
		{90CAD9D9-0A73-4F16-B069-36814D1B1C49}.Debug|iPhoneSimulator.ActiveCfg = Debug|Any CPU
		{90CAD9D9-0A73-4F16-B069-36814D1B1C49}.Debug|iPhoneSimulator.Build.0 = Debug|Any CPU
		{90CAD9D9-0A73-4F16-B069-36814D1B1C49}.Debug|iPhoneSimulator.Deploy.0 = Debug|Any CPU
		{90CAD9D9-0A73-4F16-B069-36814D1B1C49}.Debug|x64.ActiveCfg = Debug|Any CPU
		{90CAD9D9-0A73-4F16-B069-36814D1B1C49}.Debug|x64.Build.0 = Debug|Any CPU
		{90CAD9D9-0A73-4F16-B069-36814D1B1C49}.Debug|x64.Deploy.0 = Debug|Any CPU
		{90CAD9D9-0A73-4F16-B069-36814D1B1C49}.Debug|x86.ActiveCfg = Debug|Any CPU
		{90CAD9D9-0A73-4F16-B069-36814D1B1C49}.Debug|x86.Build.0 = Debug|Any CPU
		{90CAD9D9-0A73-4F16-B069-36814D1B1C49}.Debug|x86.Deploy.0 = Debug|Any CPU
		{90CAD9D9-0A73-4F16-B069-36814D1B1C49}.Debug2|Any CPU.ActiveCfg = Debug2|Any CPU
		{90CAD9D9-0A73-4F16-B069-36814D1B1C49}.Debug2|Any CPU.Build.0 = Debug2|Any CPU
		{90CAD9D9-0A73-4F16-B069-36814D1B1C49}.Debug2|Any CPU.Deploy.0 = Debug2|Any CPU
		{90CAD9D9-0A73-4F16-B069-36814D1B1C49}.Debug2|ARM.ActiveCfg = Debug2|Any CPU
		{90CAD9D9-0A73-4F16-B069-36814D1B1C49}.Debug2|ARM.Build.0 = Debug2|Any CPU
		{90CAD9D9-0A73-4F16-B069-36814D1B1C49}.Debug2|ARM.Deploy.0 = Debug2|Any CPU
		{90CAD9D9-0A73-4F16-B069-36814D1B1C49}.Debug2|iPhone.ActiveCfg = Debug2|Any CPU
		{90CAD9D9-0A73-4F16-B069-36814D1B1C49}.Debug2|iPhone.Build.0 = Debug2|Any CPU
		{90CAD9D9-0A73-4F16-B069-36814D1B1C49}.Debug2|iPhone.Deploy.0 = Debug2|Any CPU
		{90CAD9D9-0A73-4F16-B069-36814D1B1C49}.Debug2|iPhoneSimulator.ActiveCfg = Debug2|Any CPU
		{90CAD9D9-0A73-4F16-B069-36814D1B1C49}.Debug2|iPhoneSimulator.Build.0 = Debug2|Any CPU
		{90CAD9D9-0A73-4F16-B069-36814D1B1C49}.Debug2|iPhoneSimulator.Deploy.0 = Debug2|Any CPU
		{90CAD9D9-0A73-4F16-B069-36814D1B1C49}.Debug2|x64.ActiveCfg = Debug2|Any CPU
		{90CAD9D9-0A73-4F16-B069-36814D1B1C49}.Debug2|x64.Build.0 = Debug2|Any CPU
		{90CAD9D9-0A73-4F16-B069-36814D1B1C49}.Debug2|x64.Deploy.0 = Debug2|Any CPU
		{90CAD9D9-0A73-4F16-B069-36814D1B1C49}.Debug2|x86.ActiveCfg = Debug2|Any CPU
		{90CAD9D9-0A73-4F16-B069-36814D1B1C49}.Debug2|x86.Build.0 = Debug2|Any CPU
		{90CAD9D9-0A73-4F16-B069-36814D1B1C49}.Debug2|x86.Deploy.0 = Debug2|Any CPU
		{90CAD9D9-0A73-4F16-B069-36814D1B1C49}.Release|Any CPU.ActiveCfg = Release|Any CPU
		{90CAD9D9-0A73-4F16-B069-36814D1B1C49}.Release|Any CPU.Build.0 = Release|Any CPU
		{90CAD9D9-0A73-4F16-B069-36814D1B1C49}.Release|Any CPU.Deploy.0 = Release|Any CPU
		{90CAD9D9-0A73-4F16-B069-36814D1B1C49}.Release|ARM.ActiveCfg = Release|Any CPU
		{90CAD9D9-0A73-4F16-B069-36814D1B1C49}.Release|ARM.Build.0 = Release|Any CPU
		{90CAD9D9-0A73-4F16-B069-36814D1B1C49}.Release|ARM.Deploy.0 = Release|Any CPU
		{90CAD9D9-0A73-4F16-B069-36814D1B1C49}.Release|iPhone.ActiveCfg = Release|Any CPU
		{90CAD9D9-0A73-4F16-B069-36814D1B1C49}.Release|iPhone.Build.0 = Release|Any CPU
		{90CAD9D9-0A73-4F16-B069-36814D1B1C49}.Release|iPhone.Deploy.0 = Release|Any CPU
		{90CAD9D9-0A73-4F16-B069-36814D1B1C49}.Release|iPhoneSimulator.ActiveCfg = Release|Any CPU
		{90CAD9D9-0A73-4F16-B069-36814D1B1C49}.Release|iPhoneSimulator.Build.0 = Release|Any CPU
		{90CAD9D9-0A73-4F16-B069-36814D1B1C49}.Release|iPhoneSimulator.Deploy.0 = Release|Any CPU
		{90CAD9D9-0A73-4F16-B069-36814D1B1C49}.Release|x64.ActiveCfg = Release|Any CPU
		{90CAD9D9-0A73-4F16-B069-36814D1B1C49}.Release|x64.Build.0 = Release|Any CPU
		{90CAD9D9-0A73-4F16-B069-36814D1B1C49}.Release|x64.Deploy.0 = Release|Any CPU
		{90CAD9D9-0A73-4F16-B069-36814D1B1C49}.Release|x86.ActiveCfg = Release|Any CPU
		{90CAD9D9-0A73-4F16-B069-36814D1B1C49}.Release|x86.Build.0 = Release|Any CPU
		{90CAD9D9-0A73-4F16-B069-36814D1B1C49}.Release|x86.Deploy.0 = Release|Any CPU
		{A87A21BA-E478-4229-A276-6F16189D2E79}.Ad-Hoc|Any CPU.ActiveCfg = Release|Any CPU
		{A87A21BA-E478-4229-A276-6F16189D2E79}.Ad-Hoc|Any CPU.Build.0 = Release|Any CPU
		{A87A21BA-E478-4229-A276-6F16189D2E79}.Ad-Hoc|ARM.ActiveCfg = Release|Any CPU
		{A87A21BA-E478-4229-A276-6F16189D2E79}.Ad-Hoc|ARM.Build.0 = Release|Any CPU
		{A87A21BA-E478-4229-A276-6F16189D2E79}.Ad-Hoc|iPhone.ActiveCfg = Release|Any CPU
		{A87A21BA-E478-4229-A276-6F16189D2E79}.Ad-Hoc|iPhone.Build.0 = Release|Any CPU
		{A87A21BA-E478-4229-A276-6F16189D2E79}.Ad-Hoc|iPhoneSimulator.ActiveCfg = Release|Any CPU
		{A87A21BA-E478-4229-A276-6F16189D2E79}.Ad-Hoc|iPhoneSimulator.Build.0 = Release|Any CPU
		{A87A21BA-E478-4229-A276-6F16189D2E79}.Ad-Hoc|x64.ActiveCfg = Release|Any CPU
		{A87A21BA-E478-4229-A276-6F16189D2E79}.Ad-Hoc|x64.Build.0 = Release|Any CPU
		{A87A21BA-E478-4229-A276-6F16189D2E79}.Ad-Hoc|x86.ActiveCfg = Release|Any CPU
		{A87A21BA-E478-4229-A276-6F16189D2E79}.Ad-Hoc|x86.Build.0 = Release|Any CPU
		{A87A21BA-E478-4229-A276-6F16189D2E79}.AppStore|Any CPU.ActiveCfg = Release|Any CPU
		{A87A21BA-E478-4229-A276-6F16189D2E79}.AppStore|Any CPU.Build.0 = Release|Any CPU
		{A87A21BA-E478-4229-A276-6F16189D2E79}.AppStore|ARM.ActiveCfg = Release|Any CPU
		{A87A21BA-E478-4229-A276-6F16189D2E79}.AppStore|ARM.Build.0 = Release|Any CPU
		{A87A21BA-E478-4229-A276-6F16189D2E79}.AppStore|iPhone.ActiveCfg = Release|Any CPU
		{A87A21BA-E478-4229-A276-6F16189D2E79}.AppStore|iPhone.Build.0 = Release|Any CPU
		{A87A21BA-E478-4229-A276-6F16189D2E79}.AppStore|iPhoneSimulator.ActiveCfg = Release|Any CPU
		{A87A21BA-E478-4229-A276-6F16189D2E79}.AppStore|iPhoneSimulator.Build.0 = Release|Any CPU
		{A87A21BA-E478-4229-A276-6F16189D2E79}.AppStore|x64.ActiveCfg = Release|Any CPU
		{A87A21BA-E478-4229-A276-6F16189D2E79}.AppStore|x64.Build.0 = Release|Any CPU
		{A87A21BA-E478-4229-A276-6F16189D2E79}.AppStore|x86.ActiveCfg = Release|Any CPU
		{A87A21BA-E478-4229-A276-6F16189D2E79}.AppStore|x86.Build.0 = Release|Any CPU
		{A87A21BA-E478-4229-A276-6F16189D2E79}.Debug|Any CPU.ActiveCfg = Debug|Any CPU
		{A87A21BA-E478-4229-A276-6F16189D2E79}.Debug|Any CPU.Build.0 = Debug|Any CPU
		{A87A21BA-E478-4229-A276-6F16189D2E79}.Debug|ARM.ActiveCfg = Debug|Any CPU
		{A87A21BA-E478-4229-A276-6F16189D2E79}.Debug|ARM.Build.0 = Debug|Any CPU
		{A87A21BA-E478-4229-A276-6F16189D2E79}.Debug|iPhone.ActiveCfg = Debug|Any CPU
		{A87A21BA-E478-4229-A276-6F16189D2E79}.Debug|iPhone.Build.0 = Debug|Any CPU
		{A87A21BA-E478-4229-A276-6F16189D2E79}.Debug|iPhoneSimulator.ActiveCfg = Debug|Any CPU
		{A87A21BA-E478-4229-A276-6F16189D2E79}.Debug|iPhoneSimulator.Build.0 = Debug|Any CPU
		{A87A21BA-E478-4229-A276-6F16189D2E79}.Debug|x64.ActiveCfg = Debug|Any CPU
		{A87A21BA-E478-4229-A276-6F16189D2E79}.Debug|x64.Build.0 = Debug|Any CPU
		{A87A21BA-E478-4229-A276-6F16189D2E79}.Debug|x86.ActiveCfg = Debug|Any CPU
		{A87A21BA-E478-4229-A276-6F16189D2E79}.Debug|x86.Build.0 = Debug|Any CPU
		{A87A21BA-E478-4229-A276-6F16189D2E79}.Debug2|Any CPU.ActiveCfg = Debug2|Any CPU
		{A87A21BA-E478-4229-A276-6F16189D2E79}.Debug2|Any CPU.Build.0 = Debug2|Any CPU
		{A87A21BA-E478-4229-A276-6F16189D2E79}.Debug2|ARM.ActiveCfg = Debug2|Any CPU
		{A87A21BA-E478-4229-A276-6F16189D2E79}.Debug2|ARM.Build.0 = Debug2|Any CPU
		{A87A21BA-E478-4229-A276-6F16189D2E79}.Debug2|iPhone.ActiveCfg = Debug2|Any CPU
		{A87A21BA-E478-4229-A276-6F16189D2E79}.Debug2|iPhone.Build.0 = Debug2|Any CPU
		{A87A21BA-E478-4229-A276-6F16189D2E79}.Debug2|iPhoneSimulator.ActiveCfg = Debug2|Any CPU
		{A87A21BA-E478-4229-A276-6F16189D2E79}.Debug2|iPhoneSimulator.Build.0 = Debug2|Any CPU
		{A87A21BA-E478-4229-A276-6F16189D2E79}.Debug2|x64.ActiveCfg = Debug2|Any CPU
		{A87A21BA-E478-4229-A276-6F16189D2E79}.Debug2|x64.Build.0 = Debug2|Any CPU
		{A87A21BA-E478-4229-A276-6F16189D2E79}.Debug2|x86.ActiveCfg = Debug2|Any CPU
		{A87A21BA-E478-4229-A276-6F16189D2E79}.Debug2|x86.Build.0 = Debug2|Any CPU
		{A87A21BA-E478-4229-A276-6F16189D2E79}.Release|Any CPU.ActiveCfg = Release|Any CPU
		{A87A21BA-E478-4229-A276-6F16189D2E79}.Release|Any CPU.Build.0 = Release|Any CPU
		{A87A21BA-E478-4229-A276-6F16189D2E79}.Release|ARM.ActiveCfg = Release|Any CPU
		{A87A21BA-E478-4229-A276-6F16189D2E79}.Release|ARM.Build.0 = Release|Any CPU
		{A87A21BA-E478-4229-A276-6F16189D2E79}.Release|iPhone.ActiveCfg = Release|Any CPU
		{A87A21BA-E478-4229-A276-6F16189D2E79}.Release|iPhone.Build.0 = Release|Any CPU
		{A87A21BA-E478-4229-A276-6F16189D2E79}.Release|iPhoneSimulator.ActiveCfg = Release|Any CPU
		{A87A21BA-E478-4229-A276-6F16189D2E79}.Release|iPhoneSimulator.Build.0 = Release|Any CPU
		{A87A21BA-E478-4229-A276-6F16189D2E79}.Release|x64.ActiveCfg = Release|Any CPU
		{A87A21BA-E478-4229-A276-6F16189D2E79}.Release|x64.Build.0 = Release|Any CPU
		{A87A21BA-E478-4229-A276-6F16189D2E79}.Release|x86.ActiveCfg = Release|Any CPU
		{A87A21BA-E478-4229-A276-6F16189D2E79}.Release|x86.Build.0 = Release|Any CPU
		{ED117416-42F1-482A-83E1-68A83A4A6E50}.Ad-Hoc|Any CPU.ActiveCfg = Release|x86
		{ED117416-42F1-482A-83E1-68A83A4A6E50}.Ad-Hoc|Any CPU.Build.0 = Release|x86
		{ED117416-42F1-482A-83E1-68A83A4A6E50}.Ad-Hoc|Any CPU.Deploy.0 = Release|x86
		{ED117416-42F1-482A-83E1-68A83A4A6E50}.Ad-Hoc|ARM.ActiveCfg = Release|ARM
		{ED117416-42F1-482A-83E1-68A83A4A6E50}.Ad-Hoc|ARM.Build.0 = Release|ARM
		{ED117416-42F1-482A-83E1-68A83A4A6E50}.Ad-Hoc|ARM.Deploy.0 = Release|ARM
		{ED117416-42F1-482A-83E1-68A83A4A6E50}.Ad-Hoc|iPhone.ActiveCfg = Release|x86
		{ED117416-42F1-482A-83E1-68A83A4A6E50}.Ad-Hoc|iPhone.Build.0 = Release|x86
		{ED117416-42F1-482A-83E1-68A83A4A6E50}.Ad-Hoc|iPhone.Deploy.0 = Release|x86
		{ED117416-42F1-482A-83E1-68A83A4A6E50}.Ad-Hoc|iPhoneSimulator.ActiveCfg = Release|x86
		{ED117416-42F1-482A-83E1-68A83A4A6E50}.Ad-Hoc|iPhoneSimulator.Build.0 = Release|x86
		{ED117416-42F1-482A-83E1-68A83A4A6E50}.Ad-Hoc|iPhoneSimulator.Deploy.0 = Release|x86
		{ED117416-42F1-482A-83E1-68A83A4A6E50}.Ad-Hoc|x64.ActiveCfg = Release|x64
		{ED117416-42F1-482A-83E1-68A83A4A6E50}.Ad-Hoc|x64.Build.0 = Release|x64
		{ED117416-42F1-482A-83E1-68A83A4A6E50}.Ad-Hoc|x64.Deploy.0 = Release|x64
		{ED117416-42F1-482A-83E1-68A83A4A6E50}.Ad-Hoc|x86.ActiveCfg = Release|x86
		{ED117416-42F1-482A-83E1-68A83A4A6E50}.Ad-Hoc|x86.Build.0 = Release|x86
		{ED117416-42F1-482A-83E1-68A83A4A6E50}.Ad-Hoc|x86.Deploy.0 = Release|x86
		{ED117416-42F1-482A-83E1-68A83A4A6E50}.AppStore|Any CPU.ActiveCfg = Release|x86
		{ED117416-42F1-482A-83E1-68A83A4A6E50}.AppStore|Any CPU.Build.0 = Release|x86
		{ED117416-42F1-482A-83E1-68A83A4A6E50}.AppStore|Any CPU.Deploy.0 = Release|x86
		{ED117416-42F1-482A-83E1-68A83A4A6E50}.AppStore|ARM.ActiveCfg = Release|ARM
		{ED117416-42F1-482A-83E1-68A83A4A6E50}.AppStore|ARM.Build.0 = Release|ARM
		{ED117416-42F1-482A-83E1-68A83A4A6E50}.AppStore|ARM.Deploy.0 = Release|ARM
		{ED117416-42F1-482A-83E1-68A83A4A6E50}.AppStore|iPhone.ActiveCfg = Release|x86
		{ED117416-42F1-482A-83E1-68A83A4A6E50}.AppStore|iPhone.Build.0 = Release|x86
		{ED117416-42F1-482A-83E1-68A83A4A6E50}.AppStore|iPhone.Deploy.0 = Release|x86
		{ED117416-42F1-482A-83E1-68A83A4A6E50}.AppStore|iPhoneSimulator.ActiveCfg = Release|x86
		{ED117416-42F1-482A-83E1-68A83A4A6E50}.AppStore|iPhoneSimulator.Build.0 = Release|x86
		{ED117416-42F1-482A-83E1-68A83A4A6E50}.AppStore|iPhoneSimulator.Deploy.0 = Release|x86
		{ED117416-42F1-482A-83E1-68A83A4A6E50}.AppStore|x64.ActiveCfg = Release|x64
		{ED117416-42F1-482A-83E1-68A83A4A6E50}.AppStore|x64.Build.0 = Release|x64
		{ED117416-42F1-482A-83E1-68A83A4A6E50}.AppStore|x64.Deploy.0 = Release|x64
		{ED117416-42F1-482A-83E1-68A83A4A6E50}.AppStore|x86.ActiveCfg = Release|x86
		{ED117416-42F1-482A-83E1-68A83A4A6E50}.AppStore|x86.Build.0 = Release|x86
		{ED117416-42F1-482A-83E1-68A83A4A6E50}.AppStore|x86.Deploy.0 = Release|x86
		{ED117416-42F1-482A-83E1-68A83A4A6E50}.Debug|Any CPU.ActiveCfg = Debug|x86
		{ED117416-42F1-482A-83E1-68A83A4A6E50}.Debug|ARM.ActiveCfg = Debug|ARM
		{ED117416-42F1-482A-83E1-68A83A4A6E50}.Debug|ARM.Build.0 = Debug|ARM
		{ED117416-42F1-482A-83E1-68A83A4A6E50}.Debug|ARM.Deploy.0 = Debug|ARM
		{ED117416-42F1-482A-83E1-68A83A4A6E50}.Debug|iPhone.ActiveCfg = Debug|x86
		{ED117416-42F1-482A-83E1-68A83A4A6E50}.Debug|iPhoneSimulator.ActiveCfg = Debug|x86
		{ED117416-42F1-482A-83E1-68A83A4A6E50}.Debug|x64.ActiveCfg = Debug|x64
		{ED117416-42F1-482A-83E1-68A83A4A6E50}.Debug|x64.Build.0 = Debug|x64
		{ED117416-42F1-482A-83E1-68A83A4A6E50}.Debug|x64.Deploy.0 = Debug|x64
		{ED117416-42F1-482A-83E1-68A83A4A6E50}.Debug|x86.ActiveCfg = Debug|x86
		{ED117416-42F1-482A-83E1-68A83A4A6E50}.Debug|x86.Build.0 = Debug|x86
		{ED117416-42F1-482A-83E1-68A83A4A6E50}.Debug|x86.Deploy.0 = Debug|x86
		{ED117416-42F1-482A-83E1-68A83A4A6E50}.Debug2|Any CPU.ActiveCfg = Debug2|x86
		{ED117416-42F1-482A-83E1-68A83A4A6E50}.Debug2|ARM.ActiveCfg = Debug2|ARM
		{ED117416-42F1-482A-83E1-68A83A4A6E50}.Debug2|ARM.Build.0 = Debug2|ARM
		{ED117416-42F1-482A-83E1-68A83A4A6E50}.Debug2|ARM.Deploy.0 = Debug2|ARM
		{ED117416-42F1-482A-83E1-68A83A4A6E50}.Debug2|iPhone.ActiveCfg = Debug2|x86
		{ED117416-42F1-482A-83E1-68A83A4A6E50}.Debug2|iPhoneSimulator.ActiveCfg = Debug2|x86
		{ED117416-42F1-482A-83E1-68A83A4A6E50}.Debug2|x64.ActiveCfg = Debug2|x64
		{ED117416-42F1-482A-83E1-68A83A4A6E50}.Debug2|x64.Build.0 = Debug2|x64
		{ED117416-42F1-482A-83E1-68A83A4A6E50}.Debug2|x64.Deploy.0 = Debug2|x64
		{ED117416-42F1-482A-83E1-68A83A4A6E50}.Debug2|x86.ActiveCfg = Debug2|x86
		{ED117416-42F1-482A-83E1-68A83A4A6E50}.Debug2|x86.Build.0 = Debug2|x86
		{ED117416-42F1-482A-83E1-68A83A4A6E50}.Debug2|x86.Deploy.0 = Debug2|x86
		{ED117416-42F1-482A-83E1-68A83A4A6E50}.Release|Any CPU.ActiveCfg = Release|x86
		{ED117416-42F1-482A-83E1-68A83A4A6E50}.Release|ARM.ActiveCfg = Release|ARM
		{ED117416-42F1-482A-83E1-68A83A4A6E50}.Release|ARM.Build.0 = Release|ARM
		{ED117416-42F1-482A-83E1-68A83A4A6E50}.Release|ARM.Deploy.0 = Release|ARM
		{ED117416-42F1-482A-83E1-68A83A4A6E50}.Release|iPhone.ActiveCfg = Release|x86
		{ED117416-42F1-482A-83E1-68A83A4A6E50}.Release|iPhoneSimulator.ActiveCfg = Release|x86
		{ED117416-42F1-482A-83E1-68A83A4A6E50}.Release|x64.ActiveCfg = Release|x64
		{ED117416-42F1-482A-83E1-68A83A4A6E50}.Release|x64.Build.0 = Release|x64
		{ED117416-42F1-482A-83E1-68A83A4A6E50}.Release|x64.Deploy.0 = Release|x64
		{ED117416-42F1-482A-83E1-68A83A4A6E50}.Release|x86.ActiveCfg = Release|x86
		{ED117416-42F1-482A-83E1-68A83A4A6E50}.Release|x86.Build.0 = Release|x86
		{ED117416-42F1-482A-83E1-68A83A4A6E50}.Release|x86.Deploy.0 = Release|x86
		{5D2DDB80-8EEF-483B-B342-B36F020A5726}.Ad-Hoc|Any CPU.ActiveCfg = Ad-Hoc|iPhone
		{5D2DDB80-8EEF-483B-B342-B36F020A5726}.Ad-Hoc|ARM.ActiveCfg = Ad-Hoc|iPhone
		{5D2DDB80-8EEF-483B-B342-B36F020A5726}.Ad-Hoc|iPhone.ActiveCfg = Ad-Hoc|iPhone
		{5D2DDB80-8EEF-483B-B342-B36F020A5726}.Ad-Hoc|iPhone.Build.0 = Ad-Hoc|iPhone
		{5D2DDB80-8EEF-483B-B342-B36F020A5726}.Ad-Hoc|iPhoneSimulator.ActiveCfg = Ad-Hoc|iPhoneSimulator
		{5D2DDB80-8EEF-483B-B342-B36F020A5726}.Ad-Hoc|iPhoneSimulator.Build.0 = Ad-Hoc|iPhoneSimulator
		{5D2DDB80-8EEF-483B-B342-B36F020A5726}.Ad-Hoc|x64.ActiveCfg = Ad-Hoc|iPhone
		{5D2DDB80-8EEF-483B-B342-B36F020A5726}.Ad-Hoc|x86.ActiveCfg = Ad-Hoc|iPhone
		{5D2DDB80-8EEF-483B-B342-B36F020A5726}.AppStore|Any CPU.ActiveCfg = AppStore|iPhone
		{5D2DDB80-8EEF-483B-B342-B36F020A5726}.AppStore|ARM.ActiveCfg = AppStore|iPhone
		{5D2DDB80-8EEF-483B-B342-B36F020A5726}.AppStore|iPhone.ActiveCfg = AppStore|iPhone
		{5D2DDB80-8EEF-483B-B342-B36F020A5726}.AppStore|iPhone.Build.0 = AppStore|iPhone
		{5D2DDB80-8EEF-483B-B342-B36F020A5726}.AppStore|iPhoneSimulator.ActiveCfg = AppStore|iPhoneSimulator
		{5D2DDB80-8EEF-483B-B342-B36F020A5726}.AppStore|iPhoneSimulator.Build.0 = AppStore|iPhoneSimulator
		{5D2DDB80-8EEF-483B-B342-B36F020A5726}.AppStore|x64.ActiveCfg = AppStore|iPhone
		{5D2DDB80-8EEF-483B-B342-B36F020A5726}.AppStore|x86.ActiveCfg = AppStore|iPhone
		{5D2DDB80-8EEF-483B-B342-B36F020A5726}.Debug|Any CPU.ActiveCfg = Debug|iPhone
		{5D2DDB80-8EEF-483B-B342-B36F020A5726}.Debug|ARM.ActiveCfg = Debug|iPhone
		{5D2DDB80-8EEF-483B-B342-B36F020A5726}.Debug|iPhone.ActiveCfg = Debug|iPhone
		{5D2DDB80-8EEF-483B-B342-B36F020A5726}.Debug|iPhone.Build.0 = Debug|iPhone
		{5D2DDB80-8EEF-483B-B342-B36F020A5726}.Debug|iPhoneSimulator.ActiveCfg = Debug|iPhoneSimulator
		{5D2DDB80-8EEF-483B-B342-B36F020A5726}.Debug|iPhoneSimulator.Build.0 = Debug|iPhoneSimulator
		{5D2DDB80-8EEF-483B-B342-B36F020A5726}.Debug|x64.ActiveCfg = Debug|iPhone
		{5D2DDB80-8EEF-483B-B342-B36F020A5726}.Debug|x86.ActiveCfg = Debug|iPhone
		{5D2DDB80-8EEF-483B-B342-B36F020A5726}.Debug2|Any CPU.ActiveCfg = Debug2|iPhone
		{5D2DDB80-8EEF-483B-B342-B36F020A5726}.Debug2|ARM.ActiveCfg = Debug2|iPhone
		{5D2DDB80-8EEF-483B-B342-B36F020A5726}.Debug2|iPhone.ActiveCfg = Debug2|iPhone
		{5D2DDB80-8EEF-483B-B342-B36F020A5726}.Debug2|iPhoneSimulator.ActiveCfg = Debug2|iPhoneSimulator
		{5D2DDB80-8EEF-483B-B342-B36F020A5726}.Debug2|x64.ActiveCfg = Debug2|iPhone
		{5D2DDB80-8EEF-483B-B342-B36F020A5726}.Debug2|x86.ActiveCfg = Debug2|iPhone
		{5D2DDB80-8EEF-483B-B342-B36F020A5726}.Release|Any CPU.ActiveCfg = Release|iPhone
		{5D2DDB80-8EEF-483B-B342-B36F020A5726}.Release|ARM.ActiveCfg = Release|iPhone
		{5D2DDB80-8EEF-483B-B342-B36F020A5726}.Release|iPhone.ActiveCfg = Release|iPhone
		{5D2DDB80-8EEF-483B-B342-B36F020A5726}.Release|iPhone.Build.0 = Release|iPhone
		{5D2DDB80-8EEF-483B-B342-B36F020A5726}.Release|iPhoneSimulator.ActiveCfg = Release|iPhoneSimulator
		{5D2DDB80-8EEF-483B-B342-B36F020A5726}.Release|iPhoneSimulator.Build.0 = Release|iPhoneSimulator
		{5D2DDB80-8EEF-483B-B342-B36F020A5726}.Release|x64.ActiveCfg = Release|iPhone
		{5D2DDB80-8EEF-483B-B342-B36F020A5726}.Release|x86.ActiveCfg = Release|iPhone
	EndGlobalSection
	GlobalSection(SolutionProperties) = preSolution
		HideSolutionNode = FALSE
	EndGlobalSection
	GlobalSection(ExtensibilityGlobals) = postSolution
		SolutionGuid = {C04AD81C-7B1B-4BE4-AD51-DF08FF17088E}
	EndGlobalSection
EndGlobal
